PODS:
  - LlamaKit (0.1.1)
  - Nimble (0.3.0)
  - Quick (0.2.2)

DEPENDENCIES:
  - LlamaKit (= 0.1.1)
  - Nimble (from `https://github.com/Quick/Nimble.git`)
  - Quick (from `https://github.com/Quick/Quick.git`)

EXTERNAL SOURCES:
  Nimble:
    :git: https://github.com/Quick/Nimble.git
  Quick:
    :git: https://github.com/Quick/Quick.git

CHECKOUT OPTIONS:
  Nimble:
    :commit: 406466a5588fd5060c4fdbc7c088e25b782a442f
    :git: https://github.com/Quick/Nimble.git
  Quick:
    :commit: e612b4cc21076a20764b1ef6c4ac51f14cf34c92
    :git: https://github.com/Quick/Quick.git

SPEC CHECKSUMS:
  LlamaKit: 25f47a933b6580a6fc159d95adb2e2953c7012e9
  Nimble: 55fef248ef3703024ce431db817160ad24d89ba3
  Quick: 1bda8b4c8d43f6b4dd69ca001918b1767b3c9c93

COCOAPODS: 0.36.0.beta.2
