// !$*UTF8*$!
{
	archiveVersion = 1;
	classes = {
	};
	objectVersion = 46;
	objects = {

/* Begin PBXBuildFile section */
		7B246B5BB43304AC10FE0724 /* Pods.framework in Frameworks */ = {isa = PBXBuildFile; fileRef = 7EC2752B14E1AFE65378E7BF /* Pods.framework */; settings = {ATTRIBUTES = (Weak, ); }; };
		C505E4431A7EDE9100983C87 /* Regex.swift in Sources */ = {isa = PBXBuildFile; fileRef = C505E4421A7EDE9100983C87 /* Regex.swift */; };
		C57C1CD51A5B98370026462A /* Regex.h in Headers */ = {isa = PBXBuildFile; fileRef = C57C1CD41A5B98370026462A /* Regex.h */; settings = {ATTRIBUTES = (Public, ); }; };
		C57C1CDB1A5B98370026462A /* Regex.framework in Frameworks */ = {isa = PBXBuildFile; fileRef = C57C1CCF1A5B98370026462A /* Regex.framework */; };
		C57C1CE21A5B98370026462A /* RegexTests.swift in Sources */ = {isa = PBXBuildFile; fileRef = C57C1CE11A5B98370026462A /* RegexTests.swift */; };
		CBD9BD6909B3486EC58D9B64 /* Pods_RegexTests.framework in Frameworks */ = {isa = PBXBuildFile; fileRef = 93DED9F4F2F3E5014E2C58B3 /* Pods_RegexTests.framework */; settings = {ATTRIBUTES = (Weak, ); }; };
		D59CF73A0D24C747C79B5D20 /* Pods.framework in Frameworks */ = {isa = PBXBuildFile; fileRef = 7EC2752B14E1AFE65378E7BF /* Pods.framework */; settings = {ATTRIBUTES = (Weak, ); }; };
/* End PBXBuildFile section */

/* Begin PBXContainerItemProxy section */
		C57C1CDC1A5B98370026462A /* PBXContainerItemProxy */ = {
			isa = PBXContainerItemProxy;
			containerPortal = C57C1CC61A5B98370026462A /* Project object */;
			proxyType = 1;
			remoteGlobalIDString = C57C1CCE1A5B98370026462A;
			remoteInfo = Regex;
		};
/* End PBXContainerItemProxy section */

/* Begin PBXFileReference section */
		7EC2752B14E1AFE65378E7BF /* Pods.framework */ = {isa = PBXFileReference; explicitFileType = wrapper.framework; includeInIndex = 0; path = Pods.framework; sourceTree = BUILT_PRODUCTS_DIR; };
		93DED9F4F2F3E5014E2C58B3 /* Pods_RegexTests.framework */ = {isa = PBXFileReference; explicitFileType = wrapper.framework; includeInIndex = 0; path = Pods_RegexTests.framework; sourceTree = BUILT_PRODUCTS_DIR; };
		C505E4421A7EDE9100983C87 /* Regex.swift */ = {isa = PBXFileReference; fileEncoding = 4; lastKnownFileType = sourcecode.swift; path = Regex.swift; sourceTree = "<group>"; };
		C57C1CCF1A5B98370026462A /* Regex.framework */ = {isa = PBXFileReference; explicitFileType = wrapper.framework; includeInIndex = 0; path = Regex.framework; sourceTree = BUILT_PRODUCTS_DIR; };
		C57C1CD31A5B98370026462A /* Info.plist */ = {isa = PBXFileReference; lastKnownFileType = text.plist.xml; path = Info.plist; sourceTree = "<group>"; };
		C57C1CD41A5B98370026462A /* Regex.h */ = {isa = PBXFileReference; lastKnownFileType = sourcecode.c.h; path = Regex.h; sourceTree = "<group>"; };
		C57C1CDA1A5B98370026462A /* RegexTests.xctest */ = {isa = PBXFileReference; explicitFileType = wrapper.cfbundle; includeInIndex = 0; path = RegexTests.xctest; sourceTree = BUILT_PRODUCTS_DIR; };
		C57C1CE01A5B98370026462A /* Info.plist */ = {isa = PBXFileReference; lastKnownFileType = text.plist.xml; path = Info.plist; sourceTree = "<group>"; };
		C57C1CE11A5B98370026462A /* RegexTests.swift */ = {isa = PBXFileReference; lastKnownFileType = sourcecode.swift; path = RegexTests.swift; sourceTree = "<group>"; };
/* End PBXFileReference section */

/* Begin PBXFrameworksBuildPhase section */
		C57C1CCB1A5B98370026462A /* Frameworks */ = {
			isa = PBXFrameworksBuildPhase;
			buildActionMask = 2147483647;
			files = (
				D59CF73A0D24C747C79B5D20 /* Pods.framework in Frameworks */,
			);
			runOnlyForDeploymentPostprocessing = 0;
		};
		C57C1CD71A5B98370026462A /* Frameworks */ = {
			isa = PBXFrameworksBuildPhase;
			buildActionMask = 2147483647;
			files = (
				C57C1CDB1A5B98370026462A /* Regex.framework in Frameworks */,
				7B246B5BB43304AC10FE0724 /* Pods.framework in Frameworks */,
				CBD9BD6909B3486EC58D9B64 /* Pods_RegexTests.framework in Frameworks */,
			);
			runOnlyForDeploymentPostprocessing = 0;
		};
/* End PBXFrameworksBuildPhase section */

/* Begin PBXGroup section */
		8F4C4908E18759DA1759486A /* Frameworks */ = {
			isa = PBXGroup;
			children = (
				7EC2752B14E1AFE65378E7BF /* Pods.framework */,
				93DED9F4F2F3E5014E2C58B3 /* Pods_RegexTests.framework */,
			);
			name = Frameworks;
			sourceTree = "<group>";
		};
		C505E4411A7EDE9100983C87 /* src */ = {
			isa = PBXGroup;
			children = (
				C505E4421A7EDE9100983C87 /* Regex.swift */,
			);
			path = src;
			sourceTree = "<group>";
		};
		C57C1CC51A5B98370026462A = {
			isa = PBXGroup;
			children = (
				C505E4411A7EDE9100983C87 /* src */,
				C57C1CD11A5B98370026462A /* Regex */,
				C57C1CDE1A5B98370026462A /* RegexTests */,
				C57C1CD01A5B98370026462A /* Products */,
				8F4C4908E18759DA1759486A /* Frameworks */,
			);
			sourceTree = "<group>";
		};
		C57C1CD01A5B98370026462A /* Products */ = {
			isa = PBXGroup;
			children = (
				C57C1CCF1A5B98370026462A /* Regex.framework */,
				C57C1CDA1A5B98370026462A /* RegexTests.xctest */,
			);
			name = Products;
			sourceTree = "<group>";
		};
		C57C1CD11A5B98370026462A /* Regex */ = {
			isa = PBXGroup;
			children = (
				C57C1CD41A5B98370026462A /* Regex.h */,
				C57C1CD21A5B98370026462A /* Supporting Files */,
			);
			path = Regex;
			sourceTree = "<group>";
		};
		C57C1CD21A5B98370026462A /* Supporting Files */ = {
			isa = PBXGroup;
			children = (
				C57C1CD31A5B98370026462A /* Info.plist */,
			);
			name = "Supporting Files";
			sourceTree = "<group>";
		};
		C57C1CDE1A5B98370026462A /* RegexTests */ = {
			isa = PBXGroup;
			children = (
				C57C1CE11A5B98370026462A /* RegexTests.swift */,
				C57C1CDF1A5B98370026462A /* Supporting Files */,
			);
			path = RegexTests;
			sourceTree = "<group>";
		};
		C57C1CDF1A5B98370026462A /* Supporting Files */ = {
			isa = PBXGroup;
			children = (
				C57C1CE01A5B98370026462A /* Info.plist */,
			);
			name = "Supporting Files";
			sourceTree = "<group>";
		};
/* End PBXGroup section */

/* Begin PBXHeadersBuildPhase section */
		C57C1CCC1A5B98370026462A /* Headers */ = {
			isa = PBXHeadersBuildPhase;
			buildActionMask = 2147483647;
			files = (
				C57C1CD51A5B98370026462A /* Regex.h in Headers */,
			);
			runOnlyForDeploymentPostprocessing = 0;
		};
/* End PBXHeadersBuildPhase section */

/* Begin PBXNativeTarget section */
		C57C1CCE1A5B98370026462A /* Regex */ = {
			isa = PBXNativeTarget;
			buildConfigurationList = C57C1CE51A5B98370026462A /* Build configuration list for PBXNativeTarget "Regex" */;
			buildPhases = (
				C57C1CCA1A5B98370026462A /* Sources */,
				C57C1CCB1A5B98370026462A /* Frameworks */,
				C57C1CCC1A5B98370026462A /* Headers */,
				C57C1CCD1A5B98370026462A /* Resources */,
			);
			buildRules = (
			);
			dependencies = (
			);
			name = Regex;
			productName = Regex;
			productReference = C57C1CCF1A5B98370026462A /* Regex.framework */;
			productType = "com.apple.product-type.framework";
		};
		C57C1CD91A5B98370026462A /* RegexTests */ = {
			isa = PBXNativeTarget;
			buildConfigurationList = C57C1CE81A5B98370026462A /* Build configuration list for PBXNativeTarget "RegexTests" */;
			buildPhases = (
				C57C1CD61A5B98370026462A /* Sources */,
				C57C1CD71A5B98370026462A /* Frameworks */,
				C57C1CD81A5B98370026462A /* Resources */,
			);
			buildRules = (
			);
			dependencies = (
				C57C1CDD1A5B98370026462A /* PBXTargetDependency */,
			);
			name = RegexTests;
			productName = RegexTests;
			productReference = C57C1CDA1A5B98370026462A /* RegexTests.xctest */;
			productType = "com.apple.product-type.bundle.unit-test";
		};
/* End PBXNativeTarget section */

/* Begin PBXProject section */
		C57C1CC61A5B98370026462A /* Project object */ = {
			isa = PBXProject;
			attributes = {
				LastUpgradeCheck = 0610;
				ORGANIZATIONNAME = "bryn austin bellomy";
				TargetAttributes = {
					C57C1CCE1A5B98370026462A = {
						CreatedOnToolsVersion = 6.1.1;
					};
					C57C1CD91A5B98370026462A = {
						CreatedOnToolsVersion = 6.1.1;
					};
				};
			};
			buildConfigurationList = C57C1CC91A5B98370026462A /* Build configuration list for PBXProject "Regex" */;
			compatibilityVersion = "Xcode 3.2";
			developmentRegion = English;
			hasScannedForEncodings = 0;
			knownRegions = (
				en,
			);
			mainGroup = C57C1CC51A5B98370026462A;
			productRefGroup = C57C1CD01A5B98370026462A /* Products */;
			projectDirPath = "";
			projectRoot = "";
			targets = (
				C57C1CCE1A5B98370026462A /* Regex */,
				C57C1CD91A5B98370026462A /* RegexTests */,
			);
		};
/* End PBXProject section */

/* Begin PBXResourcesBuildPhase section */
		C57C1CCD1A5B98370026462A /* Resources */ = {
			isa = PBXResourcesBuildPhase;
			buildActionMask = 2147483647;
			files = (
			);
			runOnlyForDeploymentPostprocessing = 0;
		};
		C57C1CD81A5B98370026462A /* Resources */ = {
			isa = PBXResourcesBuildPhase;
			buildActionMask = 2147483647;
			files = (
			);
			runOnlyForDeploymentPostprocessing = 0;
		};
/* End PBXResourcesBuildPhase section */

/* Begin PBXSourcesBuildPhase section */
		C57C1CCA1A5B98370026462A /* Sources */ = {
			isa = PBXSourcesBuildPhase;
			buildActionMask = 2147483647;
			files = (
				C505E4431A7EDE9100983C87 /* Regex.swift in Sources */,
			);
			runOnlyForDeploymentPostprocessing = 0;
		};
		C57C1CD61A5B98370026462A /* Sources */ = {
			isa = PBXSourcesBuildPhase;
			buildActionMask = 2147483647;
			files = (
				C57C1CE21A5B98370026462A /* RegexTests.swift in Sources */,
			);
			runOnlyForDeploymentPostprocessing = 0;
		};
/* End PBXSourcesBuildPhase section */

/* Begin PBXTargetDependency section */
		C57C1CDD1A5B98370026462A /* PBXTargetDependency */ = {
			isa = PBXTargetDependency;
			target = C57C1CCE1A5B98370026462A /* Regex */;
			targetProxy = C57C1CDC1A5B98370026462A /* PBXContainerItemProxy */;
		};
/* End PBXTargetDependency section */

/* Begin XCBuildConfiguration section */
		C57C1CE31A5B98370026462A /* Debug */ = {
			isa = XCBuildConfiguration;
			buildSettings = {
				ALWAYS_SEARCH_USER_PATHS = NO;
				CLANG_CXX_LANGUAGE_STANDARD = "gnu++0x";
				CLANG_CXX_LIBRARY = "libc++";
				CLANG_ENABLE_MODULES = YES;
				CLANG_ENABLE_OBJC_ARC = YES;
				CLANG_WARN_BOOL_CONVERSION = YES;
				CLANG_WARN_CONSTANT_CONVERSION = YES;
				CLANG_WARN_DIRECT_OBJC_ISA_USAGE = YES_ERROR;
				CLANG_WARN_EMPTY_BODY = YES;
				CLANG_WARN_ENUM_CONVERSION = YES;
				CLANG_WARN_INT_CONVERSION = YES;
				CLANG_WARN_OBJC_ROOT_CLASS = YES_ERROR;
				CLANG_WARN_UNREACHABLE_CODE = YES;
				CLANG_WARN__DUPLICATE_METHOD_MATCH = YES;
				COPY_PHASE_STRIP = NO;
				CURRENT_PROJECT_VERSION = 1;
				ENABLE_STRICT_OBJC_MSGSEND = YES;
				GCC_C_LANGUAGE_STANDARD = gnu99;
				GCC_DYNAMIC_NO_PIC = NO;
				GCC_OPTIMIZATION_LEVEL = 0;
				GCC_PREPROCESSOR_DEFINITIONS = (
					"DEBUG=1",
					"$(inherited)",
				);
				GCC_SYMBOLS_PRIVATE_EXTERN = NO;
				GCC_WARN_64_TO_32_BIT_CONVERSION = YES;
				GCC_WARN_ABOUT_RETURN_TYPE = YES_ERROR;
				GCC_WARN_UNDECLARED_SELECTOR = YES;
				GCC_WARN_UNINITIALIZED_AUTOS = YES_AGGRESSIVE;
				GCC_WARN_UNUSED_FUNCTION = YES;
				GCC_WARN_UNUSED_VARIABLE = YES;
				MACOSX_DEPLOYMENT_TARGET = 10.10;
				MTL_ENABLE_DEBUG_INFO = YES;
				ONLY_ACTIVE_ARCH = YES;
				SDKROOT = macosx;
				SWIFT_OPTIMIZATION_LEVEL = "-Onone";
				VERSIONING_SYSTEM = "apple-generic";
				VERSION_INFO_PREFIX = "";
			};
			name = Debug;
		};
		C57C1CE41A5B98370026462A /* Release */ = {
			isa = XCBuildConfiguration;
			buildSettings = {
				ALWAYS_SEARCH_USER_PATHS = NO;
				CLANG_CXX_LANGUAGE_STANDARD = "gnu++0x";
				CLANG_CXX_LIBRARY = "libc++";
				CLANG_ENABLE_MODULES = YES;
				CLANG_ENABLE_OBJC_ARC = YES;
				CLANG_WARN_BOOL_CONVERSION = YES;
				CLANG_WARN_CONSTANT_CONVERSION = YES;
				CLANG_WARN_DIRECT_OBJC_ISA_USAGE = YES_ERROR;
				CLANG_WARN_EMPTY_BODY = YES;
				CLANG_WARN_ENUM_CONVERSION = YES;
				CLANG_WARN_INT_CONVERSION = YES;
				CLANG_WARN_OBJC_ROOT_CLASS = YES_ERROR;
				CLANG_WARN_UNREACHABLE_CODE = YES;
				CLANG_WARN__DUPLICATE_METHOD_MATCH = YES;
				COPY_PHASE_STRIP = YES;
				CURRENT_PROJECT_VERSION = 1;
				DEBUG_INFORMATION_FORMAT = "dwarf-with-dsym";
				ENABLE_NS_ASSERTIONS = NO;
				ENABLE_STRICT_OBJC_MSGSEND = YES;
				GCC_C_LANGUAGE_STANDARD = gnu99;
				GCC_WARN_64_TO_32_BIT_CONVERSION = YES;
				GCC_WARN_ABOUT_RETURN_TYPE = YES_ERROR;
				GCC_WARN_UNDECLARED_SELECTOR = YES;
				GCC_WARN_UNINITIALIZED_AUTOS = YES_AGGRESSIVE;
				GCC_WARN_UNUSED_FUNCTION = YES;
				GCC_WARN_UNUSED_VARIABLE = YES;
				MACOSX_DEPLOYMENT_TARGET = 10.10;
				MTL_ENABLE_DEBUG_INFO = NO;
				SDKROOT = macosx;
				VERSIONING_SYSTEM = "apple-generic";
				VERSION_INFO_PREFIX = "";
			};
			name = Release;
		};
		C57C1CE61A5B98370026462A /* Debug */ = {
			isa = XCBuildConfiguration;
			buildSettings = {
				COMBINE_HIDPI_IMAGES = YES;
				DEFINES_MODULE = YES;
				DYLIB_COMPATIBILITY_VERSION = 1;
				DYLIB_CURRENT_VERSION = 1;
				DYLIB_INSTALL_NAME_BASE = "@rpath";
				FRAMEWORK_VERSION = A;
				INFOPLIST_FILE = Regex/Info.plist;
				INSTALL_PATH = "$(LOCAL_LIBRARY_DIR)/Frameworks";
				LD_RUNPATH_SEARCH_PATHS = "$(inherited) @executable_path/../Frameworks @loader_path/Frameworks";
				PRODUCT_NAME = "$(TARGET_NAME)";
				SKIP_INSTALL = YES;
			};
			name = Debug;
		};
		C57C1CE71A5B98370026462A /* Release */ = {
			isa = XCBuildConfiguration;
			buildSettings = {
				COMBINE_HIDPI_IMAGES = YES;
				DEFINES_MODULE = YES;
				DYLIB_COMPATIBILITY_VERSION = 1;
				DYLIB_CURRENT_VERSION = 1;
				DYLIB_INSTALL_NAME_BASE = "@rpath";
				FRAMEWORK_VERSION = A;
				INFOPLIST_FILE = Regex/Info.plist;
				INSTALL_PATH = "$(LOCAL_LIBRARY_DIR)/Frameworks";
				LD_RUNPATH_SEARCH_PATHS = "$(inherited) @executable_path/../Frameworks @loader_path/Frameworks";
				PRODUCT_NAME = "$(TARGET_NAME)";
				SKIP_INSTALL = YES;
			};
			name = Release;
		};
		C57C1CE91A5B98370026462A /* Debug */ = {
			isa = XCBuildConfiguration;
			buildSettings = {
				COMBINE_HIDPI_IMAGES = YES;
				FRAMEWORK_SEARCH_PATHS = (
					"$(DEVELOPER_FRAMEWORKS_DIR)",
					"$(inherited)",
				);
				GCC_PREPROCESSOR_DEFINITIONS = (
					"DEBUG=1",
					"$(inherited)",
				);
				INFOPLIST_FILE = RegexTests/Info.plist;
				LD_RUNPATH_SEARCH_PATHS = "$(inherited) @executable_path/../Frameworks @loader_path/../Frameworks";
				PRODUCT_NAME = "$(TARGET_NAME)";
			};
			name = Debug;
		};
		C57C1CEA1A5B98370026462A /* Release */ = {
			isa = XCBuildConfiguration;
			buildSettings = {
				COMBINE_HIDPI_IMAGES = YES;
				FRAMEWORK_SEARCH_PATHS = (
					"$(DEVELOPER_FRAMEWORKS_DIR)",
					"$(inherited)",
				);
				INFOPLIST_FILE = RegexTests/Info.plist;
				LD_RUNPATH_SEARCH_PATHS = "$(inherited) @executable_path/../Frameworks @loader_path/../Frameworks";
				PRODUCT_NAME = "$(TARGET_NAME)";
			};
			name = Release;
		};
/* End XCBuildConfiguration section */

/* Begin XCConfigurationList section */
		C57C1CC91A5B98370026462A /* Build configuration list for PBXProject "Regex" */ = {
			isa = XCConfigurationList;
			buildConfigurations = (
				C57C1CE31A5B98370026462A /* Debug */,
				C57C1CE41A5B98370026462A /* Release */,
			);
			defaultConfigurationIsVisible = 0;
			defaultConfigurationName = Release;
		};
		C57C1CE51A5B98370026462A /* Build configuration list for PBXNativeTarget "Regex" */ = {
			isa = XCConfigurationList;
			buildConfigurations = (
				C57C1CE61A5B98370026462A /* Debug */,
				C57C1CE71A5B98370026462A /* Release */,
			);
			defaultConfigurationIsVisible = 0;
			defaultConfigurationName = Release;
		};
		C57C1CE81A5B98370026462A /* Build configuration list for PBXNativeTarget "RegexTests" */ = {
			isa = XCConfigurationList;
			buildConfigurations = (
				C57C1CE91A5B98370026462A /* Debug */,
				C57C1CEA1A5B98370026462A /* Release */,
			);
			defaultConfigurationIsVisible = 0;
			defaultConfigurationName = Release;
		};
/* End XCConfigurationList section */
	};
	rootObject = C57C1CC61A5B98370026462A /* Project object */;
}
